
Microsoft Visual Studio Solution File, Format Version 12.00
# Visual Studio Version 17
VisualStudioVersion = 17.12.35707.178
MinimumVisualStudioVersion = 10.0.40219.1
Project("{FAE04EC0-301F-11D3-BF4B-00C04F79EFBC}") = "Day1", "Day1\Day1.csproj", "{B15BE011-343B-412D-AF7E-68FEB4EDF978}"
EndProject
Project("{FAE04EC0-301F-11D3-BF4B-00C04F79EFBC}") = "Day2", "Day2\Day2.csproj", "{367C8234-9DED-47F9-82FA-3021509B6207}"
EndProject
Project("{FAE04EC0-301F-11D3-BF4B-00C04F79EFBC}") = "Show Months", "Show Months\Show Months.csproj", "{4946916F-B274-47EC-A6FC-148514021027}"
EndProject
Project("{FAE04EC0-301F-11D3-BF4B-00C04F79EFBC}") = "BMI Calculator", "BMI Calculator\BMI Calculator.csproj", "{CE6BE2EE-244E-4814-BB6E-49ABA80DCFC2}"
EndProject
Project("{FAE04EC0-301F-11D3-BF4B-00C04F79EFBC}") = "Range Calculator", "Range Calculator\Range Calculator.csproj", "{B001D83D-AEF0-42B3-B25F-4631BD531FC4}"
EndProject
Project("{FAE04EC0-301F-11D3-BF4B-00C04F79EFBC}") = "Day3", "Day3\Day3.csproj", "{CDE291AB-D806-455C-93C6-725CDD498AB7}"
EndProject
Project("{FAE04EC0-301F-11D3-BF4B-00C04F79EFBC}") = "Day3 Ext", "Day3 Ext\Day3 Ext.csproj", "{71124288-358D-4002-8F2A-271C42ACFC62}"
EndProject
Project("{FAE04EC0-301F-11D3-BF4B-00C04F79EFBC}") = "Day 4", "Day 4\Day 4.csproj", "{0E72F4B7-9922-45CB-BF99-A94FF0840747}"
EndProject
Project("{FAE04EC0-301F-11D3-BF4B-00C04F79EFBC}") = "Day 5", "Day 5\Day 5.csproj", "{6C755559-1339-45E3-9DCE-B7808E640A35}"
EndProject
Project("{FAE04EC0-301F-11D3-BF4B-00C04F79EFBC}") = "Day 7", "Day 7\Day 7.csproj", "{FE196B11-3B1F-443D-8FC2-D668E66D5F29}"
EndProject
Project("{FAE04EC0-301F-11D3-BF4B-00C04F79EFBC}") = "Testing Area", "Testing Area\Testing Area.csproj", "{736813A9-2F0B-4997-BF09-A79EAD679A91}"
EndProject
Global
	GlobalSection(SolutionConfigurationPlatforms) = preSolution
		Debug|Any CPU = Debug|Any CPU
		Release|Any CPU = Release|Any CPU
	EndGlobalSection
	GlobalSection(ProjectConfigurationPlatforms) = postSolution
		{B15BE011-343B-412D-AF7E-68FEB4EDF978}.Debug|Any CPU.ActiveCfg = Debug|Any CPU
		{B15BE011-343B-412D-AF7E-68FEB4EDF978}.Debug|Any CPU.Build.0 = Debug|Any CPU
		{B15BE011-343B-412D-AF7E-68FEB4EDF978}.Release|Any CPU.ActiveCfg = Release|Any CPU
		{B15BE011-343B-412D-AF7E-68FEB4EDF978}.Release|Any CPU.Build.0 = Release|Any CPU
		{367C8234-9DED-47F9-82FA-3021509B6207}.Debug|Any CPU.ActiveCfg = Debug|Any CPU
		{367C8234-9DED-47F9-82FA-3021509B6207}.Debug|Any CPU.Build.0 = Debug|Any CPU
		{367C8234-9DED-47F9-82FA-3021509B6207}.Release|Any CPU.ActiveCfg = Release|Any CPU
		{367C8234-9DED-47F9-82FA-3021509B6207}.Release|Any CPU.Build.0 = Release|Any CPU
		{4946916F-B274-47EC-A6FC-148514021027}.Debug|Any CPU.ActiveCfg = Debug|Any CPU
		{4946916F-B274-47EC-A6FC-148514021027}.Debug|Any CPU.Build.0 = Debug|Any CPU
		{4946916F-B274-47EC-A6FC-148514021027}.Release|Any CPU.ActiveCfg = Release|Any CPU
		{4946916F-B274-47EC-A6FC-148514021027}.Release|Any CPU.Build.0 = Release|Any CPU
		{CE6BE2EE-244E-4814-BB6E-49ABA80DCFC2}.Debug|Any CPU.ActiveCfg = Debug|Any CPU
		{CE6BE2EE-244E-4814-BB6E-49ABA80DCFC2}.Debug|Any CPU.Build.0 = Debug|Any CPU
		{CE6BE2EE-244E-4814-BB6E-49ABA80DCFC2}.Release|Any CPU.ActiveCfg = Release|Any CPU
		{CE6BE2EE-244E-4814-BB6E-49ABA80DCFC2}.Release|Any CPU.Build.0 = Release|Any CPU
		{B001D83D-AEF0-42B3-B25F-4631BD531FC4}.Debug|Any CPU.ActiveCfg = Debug|Any CPU
		{B001D83D-AEF0-42B3-B25F-4631BD531FC4}.Debug|Any CPU.Build.0 = Debug|Any CPU
		{B001D83D-AEF0-42B3-B25F-4631BD531FC4}.Release|Any CPU.ActiveCfg = Release|Any CPU
		{B001D83D-AEF0-42B3-B25F-4631BD531FC4}.Release|Any CPU.Build.0 = Release|Any CPU
		{CDE291AB-D806-455C-93C6-725CDD498AB7}.Debug|Any CPU.ActiveCfg = Debug|Any CPU
		{CDE291AB-D806-455C-93C6-725CDD498AB7}.Debug|Any CPU.Build.0 = Debug|Any CPU
		{CDE291AB-D806-455C-93C6-725CDD498AB7}.Release|Any CPU.ActiveCfg = Release|Any CPU
		{CDE291AB-D806-455C-93C6-725CDD498AB7}.Release|Any CPU.Build.0 = Release|Any CPU
		{71124288-358D-4002-8F2A-271C42ACFC62}.Debug|Any CPU.ActiveCfg = Debug|Any CPU
		{71124288-358D-4002-8F2A-271C42ACFC62}.Debug|Any CPU.Build.0 = Debug|Any CPU
		{71124288-358D-4002-8F2A-271C42ACFC62}.Release|Any CPU.ActiveCfg = Release|Any CPU
		{71124288-358D-4002-8F2A-271C42ACFC62}.Release|Any CPU.Build.0 = Release|Any CPU
		{0E72F4B7-9922-45CB-BF99-A94FF0840747}.Debug|Any CPU.ActiveCfg = Debug|Any CPU
		{0E72F4B7-9922-45CB-BF99-A94FF0840747}.Debug|Any CPU.Build.0 = Debug|Any CPU
		{0E72F4B7-9922-45CB-BF99-A94FF0840747}.Release|Any CPU.ActiveCfg = Release|Any CPU
		{0E72F4B7-9922-45CB-BF99-A94FF0840747}.Release|Any CPU.Build.0 = Release|Any CPU
		{6C755559-1339-45E3-9DCE-B7808E640A35}.Debug|Any CPU.ActiveCfg = Debug|Any CPU
		{6C755559-1339-45E3-9DCE-B7808E640A35}.Debug|Any CPU.Build.0 = Debug|Any CPU
		{6C755559-1339-45E3-9DCE-B7808E640A35}.Release|Any CPU.ActiveCfg = Release|Any CPU
		{6C755559-1339-45E3-9DCE-B7808E640A35}.Release|Any CPU.Build.0 = Release|Any CPU
		{FE196B11-3B1F-443D-8FC2-D668E66D5F29}.Debug|Any CPU.ActiveCfg = Debug|Any CPU
		{FE196B11-3B1F-443D-8FC2-D668E66D5F29}.Debug|Any CPU.Build.0 = Debug|Any CPU
		{FE196B11-3B1F-443D-8FC2-D668E66D5F29}.Release|Any CPU.ActiveCfg = Release|Any CPU
		{FE196B11-3B1F-443D-8FC2-D668E66D5F29}.Release|Any CPU.Build.0 = Release|Any CPU
		{736813A9-2F0B-4997-BF09-A79EAD679A91}.Debug|Any CPU.ActiveCfg = Debug|Any CPU
		{736813A9-2F0B-4997-BF09-A79EAD679A91}.Debug|Any CPU.Build.0 = Debug|Any CPU
		{736813A9-2F0B-4997-BF09-A79EAD679A91}.Release|Any CPU.ActiveCfg = Release|Any CPU
		{736813A9-2F0B-4997-BF09-A79EAD679A91}.Release|Any CPU.Build.0 = Release|Any CPU
	EndGlobalSection
	GlobalSection(SolutionProperties) = preSolution
		HideSolutionNode = FALSE
	EndGlobalSection
EndGlobal
